
Microsoft Visual Studio Solution File, Format Version 12.00
# Visual Studio 15
VisualStudioVersion = 15.0.28307.271
MinimumVisualStudioVersion = 10.0.40219.1
Project("{FAE04EC0-301F-11D3-BF4B-00C04F79EFBC}") = "CSharp.Politica.PrfOsascoTask", "CSharp.Politica.PrfOsascoTask\CSharp.Politica.PrfOsascoTask.csproj", "{A04DD3CB-1BB5-4CB0-9106-48A7D4C6F044}"
EndProject
Project("{FAE04EC0-301F-11D3-BF4B-00C04F79EFBC}") = "CSharp.Data.Client", "CSharp.Data.Client\CSharp.Data.Client\CSharp.Data.Client.csproj", "{679CAED8-EE91-4117-A573-31171C4E652A}"
EndProject
Global
	GlobalSection(SolutionConfigurationPlatforms) = preSolution
		Debug|Any CPU = Debug|Any CPU
		Release|Any CPU = Release|Any CPU
	EndGlobalSection
	GlobalSection(ProjectConfigurationPlatforms) = postSolution
		{A04DD3CB-1BB5-4CB0-9106-48A7D4C6F044}.Debug|Any CPU.ActiveCfg = Debug|Any CPU
		{A04DD3CB-1BB5-4CB0-9106-48A7D4C6F044}.Debug|Any CPU.Build.0 = Debug|Any CPU
		{A04DD3CB-1BB5-4CB0-9106-48A7D4C6F044}.Release|Any CPU.ActiveCfg = Release|Any CPU
		{A04DD3CB-1BB5-4CB0-9106-48A7D4C6F044}.Release|Any CPU.Build.0 = Release|Any CPU
		{679CAED8-EE91-4117-A573-31171C4E652A}.Debug|Any CPU.ActiveCfg = Debug|Any CPU
		{679CAED8-EE91-4117-A573-31171C4E652A}.Debug|Any CPU.Build.0 = Debug|Any CPU
		{679CAED8-EE91-4117-A573-31171C4E652A}.Release|Any CPU.ActiveCfg = Release|Any CPU
		{679CAED8-EE91-4117-A573-31171C4E652A}.Release|Any CPU.Build.0 = Release|Any CPU
	EndGlobalSection
	GlobalSection(SolutionProperties) = preSolution
		HideSolutionNode = FALSE
	EndGlobalSection
	GlobalSection(ExtensibilityGlobals) = postSolution
		SolutionGuid = {E60660D5-C7D8-40E1-8FFC-2D27945A9634}
	EndGlobalSection
EndGlobal
